
Microsoft Visual Studio Solution File, Format Version 12.00
# Visual Studio Version 17
VisualStudioVersion = 17.2.32516.85
MinimumVisualStudioVersion = 10.0.40219.1
Project("{2150E333-8FDC-42A3-9474-1A3956D46DE8}") = "src", "src", "{38DDEEB2-8050-4E36-A04B-3C9127962BE8}"
EndProject
Project("{2150E333-8FDC-42A3-9474-1A3956D46DE8}") = "tests", "tests", "{3437A942-323A-4AF8-A5CC-944475BDDD69}"
EndProject
Project("{2150E333-8FDC-42A3-9474-1A3956D46DE8}") = "corePackages", "corePackages", "{F7060DDF-420D-4004-8B68-C644DE094263}"
EndProject
Project("{2150E333-8FDC-42A3-9474-1A3956D46DE8}") = "demoProjects", "demoProjects", "{851583AC-A3A9-4058-81E0-EF073AF0E911}"
EndProject
Project("{2150E333-8FDC-42A3-9474-1A3956D46DE8}") = "templateProjects", "templateProjects", "{8AE2FE2F-7DEC-4A53-82A0-9F57125D1519}"
EndProject
Project("{2150E333-8FDC-42A3-9474-1A3956D46DE8}") = "rentACar", "rentACar", "{2C059583-BB80-4FAE-9AC8-5AC012B7CD06}"
EndProject
Project("{FAE04EC0-301F-11D3-BF4B-00C04F79EFBC}") = "Application", "src\demoProjects\templateProjects\Application\Application.csproj", "{87E83AA7-0B31-43B2-9FA2-99D49EE27E7D}"
EndProject
Project("{FAE04EC0-301F-11D3-BF4B-00C04F79EFBC}") = "Domain", "src\demoProjects\templateProjects\Domain\Domain.csproj", "{EB4D9983-A3E3-480A-B770-2A9DB7FE29BE}"
EndProject
Project("{FAE04EC0-301F-11D3-BF4B-00C04F79EFBC}") = "Infastructure", "src\demoProjects\templateProjects\Infastructure\Infastructure.csproj", "{8A808F06-A8E6-4E77-AA70-D8BEFCA306E4}"
EndProject
Project("{FAE04EC0-301F-11D3-BF4B-00C04F79EFBC}") = "Persistence", "src\demoProjects\templateProjects\Persistence\Persistence.csproj", "{41E5271F-EACB-4620-9AA3-A170092E2636}"
EndProject
Project("{FAE04EC0-301F-11D3-BF4B-00C04F79EFBC}") = "WebAPI", "src\demoProjects\templateProjects\WebAPI\WebAPI.csproj", "{F09F1920-54B2-44DE-9193-20858D3965AB}"
EndProject
Project("{FAE04EC0-301F-11D3-BF4B-00C04F79EFBC}") = "Core.Application", "src\corePackages\Core.Application\Core.Application.csproj", "{F11B476C-A275-4AF4-B9AF-3B095A5696A6}"
EndProject
Project("{FAE04EC0-301F-11D3-BF4B-00C04F79EFBC}") = "Core.CrossCuttingConcerns", "src\corePackages\Core.CrossCuttingConcerns\Core.CrossCuttingConcerns.csproj", "{D08ECC13-7A57-4B26-9A25-2C10B4FFC9B7}"
EndProject
Project("{FAE04EC0-301F-11D3-BF4B-00C04F79EFBC}") = "Core.ElasticSearch", "src\corePackages\Core.ElasticSearch\Core.ElasticSearch.csproj", "{CD228E13-D0A9-442E-AFA0-E885E689B9C9}"
EndProject
Project("{FAE04EC0-301F-11D3-BF4B-00C04F79EFBC}") = "Core.Mailing", "src\corePackages\Core.Mailing\Core.Mailing.csproj", "{5BAE091F-0529-4B2A-BC9E-93B333BF22AA}"
EndProject
Project("{FAE04EC0-301F-11D3-BF4B-00C04F79EFBC}") = "Core.Persistence", "src\corePackages\Core.Persistence\Core.Persistence.csproj", "{58C00C27-F292-460C-8D17-6B79AEA55CA3}"
EndProject
Project("{FAE04EC0-301F-11D3-BF4B-00C04F79EFBC}") = "Core.Security", "src\corePackages\Core.Security\Core.Security.csproj", "{9F7A2C6C-5AFA-4557-9F32-7EA3A2266955}"
EndProject
Project("{FAE04EC0-301F-11D3-BF4B-00C04F79EFBC}") = "Application", "src\demoProjects\rentACar\Application\Application.csproj", "{54696CF1-3BA7-48CE-8240-D43FD480BC26}"
EndProject
Project("{FAE04EC0-301F-11D3-BF4B-00C04F79EFBC}") = "Domain", "src\demoProjects\rentACar\Domain\Domain.csproj", "{96B7E6E9-0A23-4F4D-9639-12525C6D67CB}"
EndProject
Project("{FAE04EC0-301F-11D3-BF4B-00C04F79EFBC}") = "Infastructure", "src\demoProjects\rentACar\Infastructure\Infastructure.csproj", "{4D306E51-110D-4DF1-B40B-3AE3BAC76442}"
EndProject
Project("{FAE04EC0-301F-11D3-BF4B-00C04F79EFBC}") = "Persistence", "src\demoProjects\rentACar\Persistence\Persistence.csproj", "{AC2BA186-19E1-4E81-B75D-D0E2649A5C4F}"
EndProject
Project("{FAE04EC0-301F-11D3-BF4B-00C04F79EFBC}") = "WebAPI", "src\demoProjects\rentACar\WebAPI\WebAPI.csproj", "{BAFD7A4A-4A76-4D77-98EA-05E347D6BFFA}"
EndProject
Global
	GlobalSection(SolutionConfigurationPlatforms) = preSolution
		Debug|Any CPU = Debug|Any CPU
		Release|Any CPU = Release|Any CPU
	EndGlobalSection
	GlobalSection(ProjectConfigurationPlatforms) = postSolution
		{87E83AA7-0B31-43B2-9FA2-99D49EE27E7D}.Debug|Any CPU.ActiveCfg = Debug|Any CPU
		{87E83AA7-0B31-43B2-9FA2-99D49EE27E7D}.Debug|Any CPU.Build.0 = Debug|Any CPU
		{87E83AA7-0B31-43B2-9FA2-99D49EE27E7D}.Release|Any CPU.ActiveCfg = Release|Any CPU
		{87E83AA7-0B31-43B2-9FA2-99D49EE27E7D}.Release|Any CPU.Build.0 = Release|Any CPU
		{EB4D9983-A3E3-480A-B770-2A9DB7FE29BE}.Debug|Any CPU.ActiveCfg = Debug|Any CPU
		{EB4D9983-A3E3-480A-B770-2A9DB7FE29BE}.Debug|Any CPU.Build.0 = Debug|Any CPU
		{EB4D9983-A3E3-480A-B770-2A9DB7FE29BE}.Release|Any CPU.ActiveCfg = Release|Any CPU
		{EB4D9983-A3E3-480A-B770-2A9DB7FE29BE}.Release|Any CPU.Build.0 = Release|Any CPU
		{8A808F06-A8E6-4E77-AA70-D8BEFCA306E4}.Debug|Any CPU.ActiveCfg = Debug|Any CPU
		{8A808F06-A8E6-4E77-AA70-D8BEFCA306E4}.Debug|Any CPU.Build.0 = Debug|Any CPU
		{8A808F06-A8E6-4E77-AA70-D8BEFCA306E4}.Release|Any CPU.ActiveCfg = Release|Any CPU
		{8A808F06-A8E6-4E77-AA70-D8BEFCA306E4}.Release|Any CPU.Build.0 = Release|Any CPU
		{41E5271F-EACB-4620-9AA3-A170092E2636}.Debug|Any CPU.ActiveCfg = Debug|Any CPU
		{41E5271F-EACB-4620-9AA3-A170092E2636}.Debug|Any CPU.Build.0 = Debug|Any CPU
		{41E5271F-EACB-4620-9AA3-A170092E2636}.Release|Any CPU.ActiveCfg = Release|Any CPU
		{41E5271F-EACB-4620-9AA3-A170092E2636}.Release|Any CPU.Build.0 = Release|Any CPU
		{F09F1920-54B2-44DE-9193-20858D3965AB}.Debug|Any CPU.ActiveCfg = Debug|Any CPU
		{F09F1920-54B2-44DE-9193-20858D3965AB}.Debug|Any CPU.Build.0 = Debug|Any CPU
		{F09F1920-54B2-44DE-9193-20858D3965AB}.Release|Any CPU.ActiveCfg = Release|Any CPU
		{F09F1920-54B2-44DE-9193-20858D3965AB}.Release|Any CPU.Build.0 = Release|Any CPU
		{F11B476C-A275-4AF4-B9AF-3B095A5696A6}.Debug|Any CPU.ActiveCfg = Debug|Any CPU
		{F11B476C-A275-4AF4-B9AF-3B095A5696A6}.Debug|Any CPU.Build.0 = Debug|Any CPU
		{F11B476C-A275-4AF4-B9AF-3B095A5696A6}.Release|Any CPU.ActiveCfg = Release|Any CPU
		{F11B476C-A275-4AF4-B9AF-3B095A5696A6}.Release|Any CPU.Build.0 = Release|Any CPU
		{D08ECC13-7A57-4B26-9A25-2C10B4FFC9B7}.Debug|Any CPU.ActiveCfg = Debug|Any CPU
		{D08ECC13-7A57-4B26-9A25-2C10B4FFC9B7}.Debug|Any CPU.Build.0 = Debug|Any CPU
		{D08ECC13-7A57-4B26-9A25-2C10B4FFC9B7}.Release|Any CPU.ActiveCfg = Release|Any CPU
		{D08ECC13-7A57-4B26-9A25-2C10B4FFC9B7}.Release|Any CPU.Build.0 = Release|Any CPU
		{CD228E13-D0A9-442E-AFA0-E885E689B9C9}.Debug|Any CPU.ActiveCfg = Debug|Any CPU
		{CD228E13-D0A9-442E-AFA0-E885E689B9C9}.Debug|Any CPU.Build.0 = Debug|Any CPU
		{CD228E13-D0A9-442E-AFA0-E885E689B9C9}.Release|Any CPU.ActiveCfg = Release|Any CPU
		{CD228E13-D0A9-442E-AFA0-E885E689B9C9}.Release|Any CPU.Build.0 = Release|Any CPU
		{5BAE091F-0529-4B2A-BC9E-93B333BF22AA}.Debug|Any CPU.ActiveCfg = Debug|Any CPU
		{5BAE091F-0529-4B2A-BC9E-93B333BF22AA}.Debug|Any CPU.Build.0 = Debug|Any CPU
		{5BAE091F-0529-4B2A-BC9E-93B333BF22AA}.Release|Any CPU.ActiveCfg = Release|Any CPU
		{5BAE091F-0529-4B2A-BC9E-93B333BF22AA}.Release|Any CPU.Build.0 = Release|Any CPU
		{58C00C27-F292-460C-8D17-6B79AEA55CA3}.Debug|Any CPU.ActiveCfg = Debug|Any CPU
		{58C00C27-F292-460C-8D17-6B79AEA55CA3}.Debug|Any CPU.Build.0 = Debug|Any CPU
		{58C00C27-F292-460C-8D17-6B79AEA55CA3}.Release|Any CPU.ActiveCfg = Release|Any CPU
		{58C00C27-F292-460C-8D17-6B79AEA55CA3}.Release|Any CPU.Build.0 = Release|Any CPU
		{9F7A2C6C-5AFA-4557-9F32-7EA3A2266955}.Debug|Any CPU.ActiveCfg = Debug|Any CPU
		{9F7A2C6C-5AFA-4557-9F32-7EA3A2266955}.Debug|Any CPU.Build.0 = Debug|Any CPU
		{9F7A2C6C-5AFA-4557-9F32-7EA3A2266955}.Release|Any CPU.ActiveCfg = Release|Any CPU
		{9F7A2C6C-5AFA-4557-9F32-7EA3A2266955}.Release|Any CPU.Build.0 = Release|Any CPU
		{54696CF1-3BA7-48CE-8240-D43FD480BC26}.Debug|Any CPU.ActiveCfg = Debug|Any CPU
		{54696CF1-3BA7-48CE-8240-D43FD480BC26}.Debug|Any CPU.Build.0 = Debug|Any CPU
		{54696CF1-3BA7-48CE-8240-D43FD480BC26}.Release|Any CPU.ActiveCfg = Release|Any CPU
		{54696CF1-3BA7-48CE-8240-D43FD480BC26}.Release|Any CPU.Build.0 = Release|Any CPU
		{96B7E6E9-0A23-4F4D-9639-12525C6D67CB}.Debug|Any CPU.ActiveCfg = Debug|Any CPU
		{96B7E6E9-0A23-4F4D-9639-12525C6D67CB}.Debug|Any CPU.Build.0 = Debug|Any CPU
		{96B7E6E9-0A23-4F4D-9639-12525C6D67CB}.Release|Any CPU.ActiveCfg = Release|Any CPU
		{96B7E6E9-0A23-4F4D-9639-12525C6D67CB}.Release|Any CPU.Build.0 = Release|Any CPU
		{4D306E51-110D-4DF1-B40B-3AE3BAC76442}.Debug|Any CPU.ActiveCfg = Debug|Any CPU
		{4D306E51-110D-4DF1-B40B-3AE3BAC76442}.Debug|Any CPU.Build.0 = Debug|Any CPU
		{4D306E51-110D-4DF1-B40B-3AE3BAC76442}.Release|Any CPU.ActiveCfg = Release|Any CPU
		{4D306E51-110D-4DF1-B40B-3AE3BAC76442}.Release|Any CPU.Build.0 = Release|Any CPU
		{AC2BA186-19E1-4E81-B75D-D0E2649A5C4F}.Debug|Any CPU.ActiveCfg = Debug|Any CPU
		{AC2BA186-19E1-4E81-B75D-D0E2649A5C4F}.Debug|Any CPU.Build.0 = Debug|Any CPU
		{AC2BA186-19E1-4E81-B75D-D0E2649A5C4F}.Release|Any CPU.ActiveCfg = Release|Any CPU
		{AC2BA186-19E1-4E81-B75D-D0E2649A5C4F}.Release|Any CPU.Build.0 = Release|Any CPU
		{BAFD7A4A-4A76-4D77-98EA-05E347D6BFFA}.Debug|Any CPU.ActiveCfg = Debug|Any CPU
		{BAFD7A4A-4A76-4D77-98EA-05E347D6BFFA}.Debug|Any CPU.Build.0 = Debug|Any CPU
		{BAFD7A4A-4A76-4D77-98EA-05E347D6BFFA}.Release|Any CPU.ActiveCfg = Release|Any CPU
		{BAFD7A4A-4A76-4D77-98EA-05E347D6BFFA}.Release|Any CPU.Build.0 = Release|Any CPU
	EndGlobalSection
	GlobalSection(SolutionProperties) = preSolution
		HideSolutionNode = FALSE
	EndGlobalSection
	GlobalSection(NestedProjects) = preSolution
		{F7060DDF-420D-4004-8B68-C644DE094263} = {38DDEEB2-8050-4E36-A04B-3C9127962BE8}
		{851583AC-A3A9-4058-81E0-EF073AF0E911} = {38DDEEB2-8050-4E36-A04B-3C9127962BE8}
		{8AE2FE2F-7DEC-4A53-82A0-9F57125D1519} = {851583AC-A3A9-4058-81E0-EF073AF0E911}
		{2C059583-BB80-4FAE-9AC8-5AC012B7CD06} = {851583AC-A3A9-4058-81E0-EF073AF0E911}
		{87E83AA7-0B31-43B2-9FA2-99D49EE27E7D} = {8AE2FE2F-7DEC-4A53-82A0-9F57125D1519}
		{EB4D9983-A3E3-480A-B770-2A9DB7FE29BE} = {8AE2FE2F-7DEC-4A53-82A0-9F57125D1519}
		{8A808F06-A8E6-4E77-AA70-D8BEFCA306E4} = {8AE2FE2F-7DEC-4A53-82A0-9F57125D1519}
		{41E5271F-EACB-4620-9AA3-A170092E2636} = {8AE2FE2F-7DEC-4A53-82A0-9F57125D1519}
		{F09F1920-54B2-44DE-9193-20858D3965AB} = {8AE2FE2F-7DEC-4A53-82A0-9F57125D1519}
		{F11B476C-A275-4AF4-B9AF-3B095A5696A6} = {F7060DDF-420D-4004-8B68-C644DE094263}
		{D08ECC13-7A57-4B26-9A25-2C10B4FFC9B7} = {F7060DDF-420D-4004-8B68-C644DE094263}
		{CD228E13-D0A9-442E-AFA0-E885E689B9C9} = {F7060DDF-420D-4004-8B68-C644DE094263}
		{5BAE091F-0529-4B2A-BC9E-93B333BF22AA} = {F7060DDF-420D-4004-8B68-C644DE094263}
		{58C00C27-F292-460C-8D17-6B79AEA55CA3} = {F7060DDF-420D-4004-8B68-C644DE094263}
		{9F7A2C6C-5AFA-4557-9F32-7EA3A2266955} = {F7060DDF-420D-4004-8B68-C644DE094263}
		{54696CF1-3BA7-48CE-8240-D43FD480BC26} = {2C059583-BB80-4FAE-9AC8-5AC012B7CD06}
		{96B7E6E9-0A23-4F4D-9639-12525C6D67CB} = {2C059583-BB80-4FAE-9AC8-5AC012B7CD06}
		{4D306E51-110D-4DF1-B40B-3AE3BAC76442} = {2C059583-BB80-4FAE-9AC8-5AC012B7CD06}
		{AC2BA186-19E1-4E81-B75D-D0E2649A5C4F} = {2C059583-BB80-4FAE-9AC8-5AC012B7CD06}
		{BAFD7A4A-4A76-4D77-98EA-05E347D6BFFA} = {2C059583-BB80-4FAE-9AC8-5AC012B7CD06}
	EndGlobalSection
	GlobalSection(ExtensibilityGlobals) = postSolution
		SolutionGuid = {E3F41C04-8B6E-4AFE-9B67-6E5636CF0E7E}
	EndGlobalSection
EndGlobal
